
Microsoft Visual Studio Solution File, Format Version 12.00
# Visual Studio 14
VisualStudioVersion = 14.0.25420.1
MinimumVisualStudioVersion = 10.0.40219.1
Project("{FAE04EC0-301F-11D3-BF4B-00C04F79EFBC}") = "presentacion", "presentacion\presentacion.csproj", "{CBC6670D-B110-4CE7-8997-A67C40E1735F}"
EndProject
Project("{FAE04EC0-301F-11D3-BF4B-00C04F79EFBC}") = "datos", "datos\datos.csproj", "{13E87AF7-A6D8-4BD9-AD54-AA929CCD7375}"
EndProject
Project("{FAE04EC0-301F-11D3-BF4B-00C04F79EFBC}") = "negocio", "negocio\negocio.csproj", "{077B150D-7682-49FF-BECC-5CD13DFD10BD}"
EndProject
Project("{F184B08F-C81C-45F6-A57F-5ABD9991F28F}") = "GWebCN", "GWebCN\GWebCN.vbproj", "{76A6449F-AE24-455D-9923-D6834E8762A3}"
EndProject
Project("{F184B08F-C81C-45F6-A57F-5ABD9991F28F}") = "GWebCD", "GWebCD\GWebCD.vbproj", "{0C5BCEE4-509B-4EF3-AE99-A9F0473EFFDB}"
EndProject
Project("{2150E333-8FDC-42A3-9474-1A3956D46DE8}") = "Solution Items", "Solution Items", "{8604C453-05F6-4648-A9A3-1A70FBB46FA8}"
	ProjectSection(SolutionItems) = preProject
		WebEssentials2015-Settings.json = WebEssentials2015-Settings.json
	EndProjectSection
EndProject
Global
	GlobalSection(SolutionConfigurationPlatforms) = preSolution
		Debug|Any CPU = Debug|Any CPU
		Release|Any CPU = Release|Any CPU
	EndGlobalSection
	GlobalSection(ProjectConfigurationPlatforms) = postSolution
		{CBC6670D-B110-4CE7-8997-A67C40E1735F}.Debug|Any CPU.ActiveCfg = Debug|Any CPU
		{CBC6670D-B110-4CE7-8997-A67C40E1735F}.Debug|Any CPU.Build.0 = Debug|Any CPU
		{CBC6670D-B110-4CE7-8997-A67C40E1735F}.Release|Any CPU.ActiveCfg = Release|Any CPU
		{CBC6670D-B110-4CE7-8997-A67C40E1735F}.Release|Any CPU.Build.0 = Release|Any CPU
		{13E87AF7-A6D8-4BD9-AD54-AA929CCD7375}.Debug|Any CPU.ActiveCfg = Debug|Any CPU
		{13E87AF7-A6D8-4BD9-AD54-AA929CCD7375}.Debug|Any CPU.Build.0 = Debug|Any CPU
		{13E87AF7-A6D8-4BD9-AD54-AA929CCD7375}.Release|Any CPU.ActiveCfg = Release|Any CPU
		{13E87AF7-A6D8-4BD9-AD54-AA929CCD7375}.Release|Any CPU.Build.0 = Release|Any CPU
		{077B150D-7682-49FF-BECC-5CD13DFD10BD}.Debug|Any CPU.ActiveCfg = Debug|Any CPU
		{077B150D-7682-49FF-BECC-5CD13DFD10BD}.Debug|Any CPU.Build.0 = Debug|Any CPU
		{077B150D-7682-49FF-BECC-5CD13DFD10BD}.Release|Any CPU.ActiveCfg = Release|Any CPU
		{077B150D-7682-49FF-BECC-5CD13DFD10BD}.Release|Any CPU.Build.0 = Release|Any CPU
		{76A6449F-AE24-455D-9923-D6834E8762A3}.Debug|Any CPU.ActiveCfg = Debug|Any CPU
		{76A6449F-AE24-455D-9923-D6834E8762A3}.Debug|Any CPU.Build.0 = Debug|Any CPU
		{76A6449F-AE24-455D-9923-D6834E8762A3}.Release|Any CPU.ActiveCfg = Release|Any CPU
		{76A6449F-AE24-455D-9923-D6834E8762A3}.Release|Any CPU.Build.0 = Release|Any CPU
		{0C5BCEE4-509B-4EF3-AE99-A9F0473EFFDB}.Debug|Any CPU.ActiveCfg = Debug|Any CPU
		{0C5BCEE4-509B-4EF3-AE99-A9F0473EFFDB}.Debug|Any CPU.Build.0 = Debug|Any CPU
		{0C5BCEE4-509B-4EF3-AE99-A9F0473EFFDB}.Release|Any CPU.ActiveCfg = Release|Any CPU
		{0C5BCEE4-509B-4EF3-AE99-A9F0473EFFDB}.Release|Any CPU.Build.0 = Release|Any CPU
	EndGlobalSection
	GlobalSection(SolutionProperties) = preSolution
		HideSolutionNode = FALSE
	EndGlobalSection
EndGlobal
